
Microsoft Visual Studio Solution File, Format Version 11.00
# Visual Studio 2010
Project("{FAE04EC0-301F-11D3-BF4B-00C04F79EFBC}") = "miami", "Assembly-CSharp.csproj", "{9EFF94C1-44CA-901D-14DF-341D898EEB32}"
EndProject
Project("{FAE04EC0-301F-11D3-BF4B-00C04F79EFBC}") = "miami", "Assembly-CSharp-Editor.csproj", "{B2D27EDB-D207-3AB2-DDC9-376B7F689B79}"
EndProject
Global
	GlobalSection(SolutionConfigurationPlatforms) = preSolution
		Debug|Any CPU = Debug|Any CPU
		Release|Any CPU = Release|Any CPU
	EndGlobalSection
	GlobalSection(ProjectConfigurationPlatforms) = postSolution
		{9EFF94C1-44CA-901D-14DF-341D898EEB32}.Debug|Any CPU.ActiveCfg = Debug|Any CPU
		{9EFF94C1-44CA-901D-14DF-341D898EEB32}.Debug|Any CPU.Build.0 = Debug|Any CPU
		{9EFF94C1-44CA-901D-14DF-341D898EEB32}.Release|Any CPU.ActiveCfg = Release|Any CPU
		{9EFF94C1-44CA-901D-14DF-341D898EEB32}.Release|Any CPU.Build.0 = Release|Any CPU
		{B2D27EDB-D207-3AB2-DDC9-376B7F689B79}.Debug|Any CPU.ActiveCfg = Debug|Any CPU
		{B2D27EDB-D207-3AB2-DDC9-376B7F689B79}.Debug|Any CPU.Build.0 = Debug|Any CPU
		{B2D27EDB-D207-3AB2-DDC9-376B7F689B79}.Release|Any CPU.ActiveCfg = Release|Any CPU
		{B2D27EDB-D207-3AB2-DDC9-376B7F689B79}.Release|Any CPU.Build.0 = Release|Any CPU
	EndGlobalSection
	GlobalSection(SolutionProperties) = preSolution
		HideSolutionNode = FALSE
	EndGlobalSection
	GlobalSection(MonoDevelopProperties) = preSolution
		StartupItem = Assembly-CSharp.csproj
	EndGlobalSection
EndGlobal
